
Microsoft Visual Studio Solution File, Format Version 12.00
# Visual Studio 14
VisualStudioVersion = 14.0.25420.1
MinimumVisualStudioVersion = 10.0.40219.1
Project("{FAE04EC0-301F-11D3-BF4B-00C04F79EFBC}") = "01.NumbersFrom1ToN", "NumbersFrom1ToN\01.NumbersFrom1ToN.csproj", "{C17C9282-4BBB-4798-A0CC-31242B688946}"
EndProject
Project("{FAE04EC0-301F-11D3-BF4B-00C04F79EFBC}") = "02.NotDivisibleNumbers", "NotDivisibleNumbers\02.NotDivisibleNumbers.csproj", "{43A15E67-1C64-41C4-8BAD-FAADF66AEF17}"
EndProject
Project("{FAE04EC0-301F-11D3-BF4B-00C04F79EFBC}") = "03.MMSA", "MMSA\03.MMSA.csproj", "{A337C0A6-3EA5-4AFE-AB71-E71DD180FC8C}"
EndProject
Project("{FAE04EC0-301F-11D3-BF4B-00C04F79EFBC}") = "04.PrintADeck", "PrintADec\04.PrintADeck.csproj", "{2284CF29-9696-4F86-90F9-3EB0C827F4F3}"
EndProject
Project("{FAE04EC0-301F-11D3-BF4B-00C04F79EFBC}") = "05.Calculate", "Calculate\05.Calculate.csproj", "{8B8FC9FE-54F4-492B-9FC2-8FB93DBE414C}"
EndProject
Project("{FAE04EC0-301F-11D3-BF4B-00C04F79EFBC}") = "06.CalculateAgain", "CalculateAgain\06.CalculateAgain.csproj", "{3FC4521E-9E94-4830-96D1-E350A0F1869C}"
EndProject
Project("{FAE04EC0-301F-11D3-BF4B-00C04F79EFBC}") = "07.Calculate3!", "Calculate3!\07.Calculate3!.csproj", "{9B9990A5-83EE-4DFD-839A-9F73CE0208B0}"
EndProject
Project("{FAE04EC0-301F-11D3-BF4B-00C04F79EFBC}") = "08.CatalanNumbers", "CatalanNumbers\08.CatalanNumbers.csproj", "{B72DAC97-250E-4623-B537-01FD414E63A7}"
EndProject
Project("{FAE04EC0-301F-11D3-BF4B-00C04F79EFBC}") = "09.MatrixOfNumbers", "MatrixOfNumbers\09.MatrixOfNumbers.csproj", "{EAD2A8EE-808A-4E50-907E-BE7B401DD9EE}"
EndProject
Project("{FAE04EC0-301F-11D3-BF4B-00C04F79EFBC}") = "10.OddAndEvenProduct", "OddAndEvenProduct\10.OddAndEvenProduct.csproj", "{B2467FD5-B975-44ED-8313-2A95A0CFEEB0}"
EndProject
Project("{FAE04EC0-301F-11D3-BF4B-00C04F79EFBC}") = "12.DecimalToBinary", "DecimalToBinary\12.DecimalToBinary.csproj", "{B1B519FC-7A93-46E7-A64F-F9331C4E2AE7}"
EndProject
Project("{FAE04EC0-301F-11D3-BF4B-00C04F79EFBC}") = "11.BinaryToDecimal", "BinaryToDecimal\11.BinaryToDecimal.csproj", "{2A56EB22-DAB3-4D1F-BE72-6F88219DB562}"
EndProject
Project("{FAE04EC0-301F-11D3-BF4B-00C04F79EFBC}") = "13.DecimalToHex", "DecimalToHex\13.DecimalToHex.csproj", "{FCDDC14F-5BF1-4CF6-ADF7-ABFF1DD480B1}"
EndProject
Project("{FAE04EC0-301F-11D3-BF4B-00C04F79EFBC}") = "14.HextODecimal", "HextODecimal\14.HextODecimal.csproj", "{3FFFE8B7-B50E-489F-9CA3-45DA3DDA3063}"
EndProject
Project("{FAE04EC0-301F-11D3-BF4B-00C04F79EFBC}") = "15.GCD", "GCD\15.GCD.csproj", "{06B01C1A-9388-4121-9E8C-F28E5BB45F7E}"
EndProject
Project("{FAE04EC0-301F-11D3-BF4B-00C04F79EFBC}") = "16.Trailing0InN!", "Trailing0InN!\16.Trailing0InN!.csproj", "{0ED66387-0DC3-450A-A652-A6E54278E0CE}"
EndProject
Project("{FAE04EC0-301F-11D3-BF4B-00C04F79EFBC}") = "17.SpiralMatrix", "SpiralMatrix\17.SpiralMatrix.csproj", "{5875EB75-944C-455C-8E76-F5A595250B4C}"
EndProject
Global
	GlobalSection(SolutionConfigurationPlatforms) = preSolution
		Debug|Any CPU = Debug|Any CPU
		Release|Any CPU = Release|Any CPU
	EndGlobalSection
	GlobalSection(ProjectConfigurationPlatforms) = postSolution
		{C17C9282-4BBB-4798-A0CC-31242B688946}.Debug|Any CPU.ActiveCfg = Debug|Any CPU
		{C17C9282-4BBB-4798-A0CC-31242B688946}.Debug|Any CPU.Build.0 = Debug|Any CPU
		{C17C9282-4BBB-4798-A0CC-31242B688946}.Release|Any CPU.ActiveCfg = Release|Any CPU
		{C17C9282-4BBB-4798-A0CC-31242B688946}.Release|Any CPU.Build.0 = Release|Any CPU
		{43A15E67-1C64-41C4-8BAD-FAADF66AEF17}.Debug|Any CPU.ActiveCfg = Debug|Any CPU
		{43A15E67-1C64-41C4-8BAD-FAADF66AEF17}.Debug|Any CPU.Build.0 = Debug|Any CPU
		{43A15E67-1C64-41C4-8BAD-FAADF66AEF17}.Release|Any CPU.ActiveCfg = Release|Any CPU
		{43A15E67-1C64-41C4-8BAD-FAADF66AEF17}.Release|Any CPU.Build.0 = Release|Any CPU
		{A337C0A6-3EA5-4AFE-AB71-E71DD180FC8C}.Debug|Any CPU.ActiveCfg = Debug|Any CPU
		{A337C0A6-3EA5-4AFE-AB71-E71DD180FC8C}.Debug|Any CPU.Build.0 = Debug|Any CPU
		{A337C0A6-3EA5-4AFE-AB71-E71DD180FC8C}.Release|Any CPU.ActiveCfg = Release|Any CPU
		{A337C0A6-3EA5-4AFE-AB71-E71DD180FC8C}.Release|Any CPU.Build.0 = Release|Any CPU
		{2284CF29-9696-4F86-90F9-3EB0C827F4F3}.Debug|Any CPU.ActiveCfg = Debug|Any CPU
		{2284CF29-9696-4F86-90F9-3EB0C827F4F3}.Debug|Any CPU.Build.0 = Debug|Any CPU
		{2284CF29-9696-4F86-90F9-3EB0C827F4F3}.Release|Any CPU.ActiveCfg = Release|Any CPU
		{2284CF29-9696-4F86-90F9-3EB0C827F4F3}.Release|Any CPU.Build.0 = Release|Any CPU
		{8B8FC9FE-54F4-492B-9FC2-8FB93DBE414C}.Debug|Any CPU.ActiveCfg = Debug|Any CPU
		{8B8FC9FE-54F4-492B-9FC2-8FB93DBE414C}.Debug|Any CPU.Build.0 = Debug|Any CPU
		{8B8FC9FE-54F4-492B-9FC2-8FB93DBE414C}.Release|Any CPU.ActiveCfg = Release|Any CPU
		{8B8FC9FE-54F4-492B-9FC2-8FB93DBE414C}.Release|Any CPU.Build.0 = Release|Any CPU
		{3FC4521E-9E94-4830-96D1-E350A0F1869C}.Debug|Any CPU.ActiveCfg = Debug|Any CPU
		{3FC4521E-9E94-4830-96D1-E350A0F1869C}.Debug|Any CPU.Build.0 = Debug|Any CPU
		{3FC4521E-9E94-4830-96D1-E350A0F1869C}.Release|Any CPU.ActiveCfg = Release|Any CPU
		{3FC4521E-9E94-4830-96D1-E350A0F1869C}.Release|Any CPU.Build.0 = Release|Any CPU
		{9B9990A5-83EE-4DFD-839A-9F73CE0208B0}.Debug|Any CPU.ActiveCfg = Debug|Any CPU
		{9B9990A5-83EE-4DFD-839A-9F73CE0208B0}.Debug|Any CPU.Build.0 = Debug|Any CPU
		{9B9990A5-83EE-4DFD-839A-9F73CE0208B0}.Release|Any CPU.ActiveCfg = Release|Any CPU
		{9B9990A5-83EE-4DFD-839A-9F73CE0208B0}.Release|Any CPU.Build.0 = Release|Any CPU
		{B72DAC97-250E-4623-B537-01FD414E63A7}.Debug|Any CPU.ActiveCfg = Debug|Any CPU
		{B72DAC97-250E-4623-B537-01FD414E63A7}.Debug|Any CPU.Build.0 = Debug|Any CPU
		{B72DAC97-250E-4623-B537-01FD414E63A7}.Release|Any CPU.ActiveCfg = Release|Any CPU
		{B72DAC97-250E-4623-B537-01FD414E63A7}.Release|Any CPU.Build.0 = Release|Any CPU
		{EAD2A8EE-808A-4E50-907E-BE7B401DD9EE}.Debug|Any CPU.ActiveCfg = Debug|Any CPU
		{EAD2A8EE-808A-4E50-907E-BE7B401DD9EE}.Debug|Any CPU.Build.0 = Debug|Any CPU
		{EAD2A8EE-808A-4E50-907E-BE7B401DD9EE}.Release|Any CPU.ActiveCfg = Release|Any CPU
		{EAD2A8EE-808A-4E50-907E-BE7B401DD9EE}.Release|Any CPU.Build.0 = Release|Any CPU
		{B2467FD5-B975-44ED-8313-2A95A0CFEEB0}.Debug|Any CPU.ActiveCfg = Debug|Any CPU
		{B2467FD5-B975-44ED-8313-2A95A0CFEEB0}.Debug|Any CPU.Build.0 = Debug|Any CPU
		{B2467FD5-B975-44ED-8313-2A95A0CFEEB0}.Release|Any CPU.ActiveCfg = Release|Any CPU
		{B2467FD5-B975-44ED-8313-2A95A0CFEEB0}.Release|Any CPU.Build.0 = Release|Any CPU
		{B1B519FC-7A93-46E7-A64F-F9331C4E2AE7}.Debug|Any CPU.ActiveCfg = Debug|Any CPU
		{B1B519FC-7A93-46E7-A64F-F9331C4E2AE7}.Debug|Any CPU.Build.0 = Debug|Any CPU
		{B1B519FC-7A93-46E7-A64F-F9331C4E2AE7}.Release|Any CPU.ActiveCfg = Release|Any CPU
		{B1B519FC-7A93-46E7-A64F-F9331C4E2AE7}.Release|Any CPU.Build.0 = Release|Any CPU
		{2A56EB22-DAB3-4D1F-BE72-6F88219DB562}.Debug|Any CPU.ActiveCfg = Debug|Any CPU
		{2A56EB22-DAB3-4D1F-BE72-6F88219DB562}.Debug|Any CPU.Build.0 = Debug|Any CPU
		{2A56EB22-DAB3-4D1F-BE72-6F88219DB562}.Release|Any CPU.ActiveCfg = Release|Any CPU
		{2A56EB22-DAB3-4D1F-BE72-6F88219DB562}.Release|Any CPU.Build.0 = Release|Any CPU
		{FCDDC14F-5BF1-4CF6-ADF7-ABFF1DD480B1}.Debug|Any CPU.ActiveCfg = Debug|Any CPU
		{FCDDC14F-5BF1-4CF6-ADF7-ABFF1DD480B1}.Debug|Any CPU.Build.0 = Debug|Any CPU
		{FCDDC14F-5BF1-4CF6-ADF7-ABFF1DD480B1}.Release|Any CPU.ActiveCfg = Release|Any CPU
		{FCDDC14F-5BF1-4CF6-ADF7-ABFF1DD480B1}.Release|Any CPU.Build.0 = Release|Any CPU
		{3FFFE8B7-B50E-489F-9CA3-45DA3DDA3063}.Debug|Any CPU.ActiveCfg = Debug|Any CPU
		{3FFFE8B7-B50E-489F-9CA3-45DA3DDA3063}.Debug|Any CPU.Build.0 = Debug|Any CPU
		{3FFFE8B7-B50E-489F-9CA3-45DA3DDA3063}.Release|Any CPU.ActiveCfg = Release|Any CPU
		{3FFFE8B7-B50E-489F-9CA3-45DA3DDA3063}.Release|Any CPU.Build.0 = Release|Any CPU
		{06B01C1A-9388-4121-9E8C-F28E5BB45F7E}.Debug|Any CPU.ActiveCfg = Debug|Any CPU
		{06B01C1A-9388-4121-9E8C-F28E5BB45F7E}.Debug|Any CPU.Build.0 = Debug|Any CPU
		{06B01C1A-9388-4121-9E8C-F28E5BB45F7E}.Release|Any CPU.ActiveCfg = Release|Any CPU
		{06B01C1A-9388-4121-9E8C-F28E5BB45F7E}.Release|Any CPU.Build.0 = Release|Any CPU
		{0ED66387-0DC3-450A-A652-A6E54278E0CE}.Debug|Any CPU.ActiveCfg = Debug|Any CPU
		{0ED66387-0DC3-450A-A652-A6E54278E0CE}.Debug|Any CPU.Build.0 = Debug|Any CPU
		{0ED66387-0DC3-450A-A652-A6E54278E0CE}.Release|Any CPU.ActiveCfg = Release|Any CPU
		{0ED66387-0DC3-450A-A652-A6E54278E0CE}.Release|Any CPU.Build.0 = Release|Any CPU
		{5875EB75-944C-455C-8E76-F5A595250B4C}.Debug|Any CPU.ActiveCfg = Debug|Any CPU
		{5875EB75-944C-455C-8E76-F5A595250B4C}.Debug|Any CPU.Build.0 = Debug|Any CPU
		{5875EB75-944C-455C-8E76-F5A595250B4C}.Release|Any CPU.ActiveCfg = Release|Any CPU
		{5875EB75-944C-455C-8E76-F5A595250B4C}.Release|Any CPU.Build.0 = Release|Any CPU
	EndGlobalSection
	GlobalSection(SolutionProperties) = preSolution
		HideSolutionNode = FALSE
	EndGlobalSection
EndGlobal
